{
  "name": "graphgram",
  "version": "0.0.2",
  "lockfileVersion": 3,
  "requires": true,
  "packages": {
    "": {
      "name": "graphgram",
      "version": "0.0.2",
      "license": "ISC",
      "dependencies": {
        "colors": "1.1.2",
        "extend": "^3.0.2",
        "graphlib": "~2.1.1",
        "jsonschema": "~1.1.1",
        "lodash": "^4.17.21",
        "mersennetwister": "~0.2.3",
        "node-getopt": "~0.2.3",
        "tmp": "~0.0.33"
      },
      "devDependencies": {}
    },
    "node_modules/colors": {
      "version": "1.1.2",
      "resolved": "https://registry.npmjs.org/colors/-/colors-1.1.2.tgz",
      "integrity": "sha512-ENwblkFQpqqia6b++zLD/KUWafYlVY/UNnAp7oz7LY7E924wmpye416wBOmvv/HMWzl8gL1kJlfvId/1Dg176w==",
      "engines": {
        "node": ">=0.1.90"
      }
    },
    "node_modules/extend": {
      "version": "3.0.2",
      "resolved": "https://registry.npmjs.org/extend/-/extend-3.0.2.tgz",
      "integrity": "sha512-fjquC59cD7CyW6urNXK0FBufkZcoiGG80wTuPujX590cB5Ttln20E2UB4S/WARVqhXffZl2LNgS+gQdPIIim/g=="
    },
    "node_modules/graphlib": {
      "version": "2.1.8",
      "resolved": "https://registry.npmjs.org/graphlib/-/graphlib-2.1.8.tgz",
      "integrity": "sha512-jcLLfkpoVGmH7/InMC/1hIvOPSUh38oJtGhvrOFGzioE1DZ+0YW16RgmOJhHiuWTvGiJQ9Z1Ik43JvkRPRvE+A==",
      "dependencies": {
        "lodash": "^4.17.15"
      }
    },
    "node_modules/jsonschema": {
      "version": "1.1.1",
      "resolved": "https://registry.npmjs.org/jsonschema/-/jsonschema-1.1.1.tgz",
      "integrity": "sha512-kHyDK+K6ehb+0LmJYzsQSd3QkRPDEPoG/59uhNzFTLVb92J9jYPaonLkzJe+Z4angkIhDeurMmvhtmjAVrz9eA==",
      "engines": {
        "node": "*"
      }
    },
    "node_modules/lodash": {
      "version": "4.17.21",
      "resolved": "https://registry.npmjs.org/lodash/-/lodash-4.17.21.tgz",
      "integrity": "sha512-v2kDEe57lecTulaDIuNTPy3Ry4gLGJ6Z1O3vE1krgXZNrsQ+LFTGHVxVjcXPs17LhbZVGedAJv8XZ1tvj5FvSg=="
    },
    "node_modules/mersennetwister": {
      "version": "0.2.3",
      "resolved": "https://registry.npmjs.org/mersennetwister/-/mersennetwister-0.2.3.tgz",
      "integrity": "sha512-r/Lx4L1jqZu8dsbDqw2d+EgRXf4F/yLTUbuMHUstDge9EsLAlANEvooy1u4YcgLOCV7GEmpxMGKtIhxFhhJqNA=="
    },
    "node_modules/node-getopt": {
      "version": "0.2.4",
      "resolved": "https://registry.npmjs.org/node-getopt/-/node-getopt-0.2.4.tgz",
      "integrity": "sha512-06LC4wHO+nyH0J07dUzFsZTVZMsMMKTkXo8BUTmuYbJhbsKX2cVDn2xADoFqjbnBYThVlGSlaM10CDyEi+48Iw==",
      "engines": {
        "node": ">= 0.6.0"
      }
    },
    "node_modules/os-tmpdir": {
      "version": "1.0.2",
      "resolved": "https://registry.npmjs.org/os-tmpdir/-/os-tmpdir-1.0.2.tgz",
      "integrity": "sha512-D2FR03Vir7FIu45XBY20mTb+/ZSWB00sjU9jdQXt83gDrI4Ztz5Fs7/yy74g2N5SVQY4xY1qDr4rNddwYRVX0g==",
      "engines": {
        "node": ">=0.10.0"
      }
    },
    "node_modules/tmp": {
      "version": "0.0.33",
      "resolved": "https://registry.npmjs.org/tmp/-/tmp-0.0.33.tgz",
      "integrity": "sha512-jRCJlojKnZ3addtTOjdIqoRuPEKBvNXcGYqzO6zWZX8KfKEpnGY5jfggJQ3EjKuu8D4bJRr0y+cYJFmYbImXGw==",
      "dependencies": {
        "os-tmpdir": "~1.0.2"
      },
      "engines": {
        "node": ">=0.6.0"
      }
    }
  }
}
